
Microsoft Visual Studio Solution File, Format Version 12.00
# Visual Studio 15
VisualStudioVersion = 15.0.27703.2042
MinimumVisualStudioVersion = 10.0.40219.1
Project("{FAE04EC0-301F-11D3-BF4B-00C04F79EFBC}") = "Algoritmo de Luhn", "Algoritmo de Luhn\Algoritmo de Luhn.csproj", "{162AD201-A19D-4CBF-BE41-1A5D54AEC37F}"
EndProject
Global
	GlobalSection(SolutionConfigurationPlatforms) = preSolution
		Debug|Any CPU = Debug|Any CPU
		Release|Any CPU = Release|Any CPU
	EndGlobalSection
	GlobalSection(ProjectConfigurationPlatforms) = postSolution
		{162AD201-A19D-4CBF-BE41-1A5D54AEC37F}.Debug|Any CPU.ActiveCfg = Debug|Any CPU
		{162AD201-A19D-4CBF-BE41-1A5D54AEC37F}.Debug|Any CPU.Build.0 = Debug|Any CPU
		{162AD201-A19D-4CBF-BE41-1A5D54AEC37F}.Release|Any CPU.ActiveCfg = Release|Any CPU
		{162AD201-A19D-4CBF-BE41-1A5D54AEC37F}.Release|Any CPU.Build.0 = Release|Any CPU
	EndGlobalSection
	GlobalSection(SolutionProperties) = preSolution
		HideSolutionNode = FALSE
	EndGlobalSection
	GlobalSection(ExtensibilityGlobals) = postSolution
		SolutionGuid = {67940CEA-7D1B-4BCB-AD6C-CB00C272BB3D}
	EndGlobalSection
EndGlobal
